
Microsoft Visual Studio Solution File, Format Version 12.00
# Visual Studio Version 16
VisualStudioVersion = 16.0.30804.86
MinimumVisualStudioVersion = 10.0.40219.1
Project("{FAE04EC0-301F-11D3-BF4B-00C04F79EFBC}") = "server", "server.csproj", "{9FE86B3C-951D-48D5-9176-A967637D772F}"
EndProject
Project("{FAE04EC0-301F-11D3-BF4B-00C04F79EFBC}") = "client", "..\client\client.csproj", "{139AC5FE-7FA4-4784-ADFB-E147E77F3DD7}"
EndProject
Global
	GlobalSection(SolutionConfigurationPlatforms) = preSolution
		Debug|Any CPU = Debug|Any CPU
		Release|Any CPU = Release|Any CPU
	EndGlobalSection
	GlobalSection(ProjectConfigurationPlatforms) = postSolution
		{9FE86B3C-951D-48D5-9176-A967637D772F}.Debug|Any CPU.ActiveCfg = Debug|Any CPU
		{9FE86B3C-951D-48D5-9176-A967637D772F}.Debug|Any CPU.Build.0 = Debug|Any CPU
		{9FE86B3C-951D-48D5-9176-A967637D772F}.Release|Any CPU.ActiveCfg = Release|Any CPU
		{9FE86B3C-951D-48D5-9176-A967637D772F}.Release|Any CPU.Build.0 = Release|Any CPU
		{139AC5FE-7FA4-4784-ADFB-E147E77F3DD7}.Debug|Any CPU.ActiveCfg = Debug|Any CPU
		{139AC5FE-7FA4-4784-ADFB-E147E77F3DD7}.Debug|Any CPU.Build.0 = Debug|Any CPU
		{139AC5FE-7FA4-4784-ADFB-E147E77F3DD7}.Release|Any CPU.ActiveCfg = Release|Any CPU
		{139AC5FE-7FA4-4784-ADFB-E147E77F3DD7}.Release|Any CPU.Build.0 = Release|Any CPU
	EndGlobalSection
	GlobalSection(SolutionProperties) = preSolution
		HideSolutionNode = FALSE
	EndGlobalSection
	GlobalSection(ExtensibilityGlobals) = postSolution
		SolutionGuid = {63254E48-B982-44B5-B1FA-0C8790312453}
	EndGlobalSection
EndGlobal
